# This is a Gradle generated file for dependency locking.
# Manual edits can break the build and are not advised.
# This file is expected to be part of source control.
com.google.android:annotations:4.1.1.4=debugRuntimeClasspath,debugUnitTestRuntimeClasspath,releaseRuntimeClasspath
com.google.code.findbugs:jsr305:3.0.2=debugAndroidTestCompileClasspath,debugCompileClasspath,debugRuntimeClasspath,debugUnitTestCompileClasspath,debugUnitTestRuntimeClasspath,releaseCompileClasspath,releaseRuntimeClasspath
com.google.code.gson:gson:2.10.1=debugRuntimeClasspath,debugUnitTestRuntimeClasspath,releaseRuntimeClasspath
com.google.errorprone:error_prone_annotations:2.23.0=debugAndroidTestCompileClasspath,debugCompileClasspath,debugRuntimeClasspath,debugUnitTestCompileClasspath,debugUnitTestRuntimeClasspath,releaseCompileClasspath,releaseRuntimeClasspath
com.google.guava:failureaccess:1.0.1=debugRuntimeClasspath,debugUnitTestRuntimeClasspath,releaseRuntimeClasspath
com.google.guava:guava:32.1.3-android=debugRuntimeClasspath,debugUnitTestRuntimeClasspath,releaseRuntimeClasspath
com.google.guava:listenablefuture:9999.0-empty-to-avoid-conflict-with-guava=debugRuntimeClasspath,debugUnitTestRuntimeClasspath,releaseRuntimeClasspath
com.google.protobuf:protobuf-javalite:3.25.3=debugAndroidTestCompileClasspath,debugCompileClasspath,debugRuntimeClasspath,debugUnitTestCompileClasspath,debugUnitTestRuntimeClasspath,releaseCompileClasspath,releaseRuntimeClasspath
com.google.protobuf:protobuf-kotlin-lite:3.25.3=debugAndroidTestCompileClasspath,debugCompileClasspath,debugRuntimeClasspath,debugUnitTestCompileClasspath,debugUnitTestRuntimeClasspath,releaseCompileClasspath,releaseRuntimeClasspath
com.squareup.okio:okio-jvm:3.4.0=debugRuntimeClasspath,debugUnitTestRuntimeClasspath,releaseRuntimeClasspath
com.squareup.okio:okio:3.4.0=debugRuntimeClasspath,debugUnitTestRuntimeClasspath,releaseRuntimeClasspath
io.grpc:grpc-api:1.65.1=debugAndroidTestCompileClasspath,debugCompileClasspath,debugRuntimeClasspath,debugUnitTestCompileClasspath,debugUnitTestRuntimeClasspath,releaseCompileClasspath,releaseRuntimeClasspath
io.grpc:grpc-context:1.65.1=debugRuntimeClasspath,debugUnitTestRuntimeClasspath,releaseRuntimeClasspath
io.grpc:grpc-core:1.65.1=debugRuntimeClasspath,debugUnitTestRuntimeClasspath,releaseRuntimeClasspath
io.grpc:grpc-kotlin-stub:1.4.1=debugRuntimeClasspath,debugUnitTestRuntimeClasspath,releaseRuntimeClasspath
io.grpc:grpc-okhttp:1.65.1=debugRuntimeClasspath,debugUnitTestRuntimeClasspath,releaseRuntimeClasspath
io.grpc:grpc-protobuf-lite:1.65.1=debugAndroidTestCompileClasspath,debugCompileClasspath,debugRuntimeClasspath,debugUnitTestCompileClasspath,debugUnitTestRuntimeClasspath,releaseCompileClasspath,releaseRuntimeClasspath
io.grpc:grpc-stub:1.65.1=debugRuntimeClasspath,debugUnitTestRuntimeClasspath,releaseRuntimeClasspath
io.grpc:grpc-util:1.65.1=debugRuntimeClasspath,debugUnitTestRuntimeClasspath,releaseRuntimeClasspath
io.perfmark:perfmark-api:0.26.0=debugRuntimeClasspath,debugUnitTestRuntimeClasspath,releaseRuntimeClasspath
javax.annotation:javax.annotation-api:1.3.2=debugRuntimeClasspath,debugUnitTestRuntimeClasspath,releaseRuntimeClasspath
org.checkerframework:checker-qual:3.37.0=debugRuntimeClasspath,debugUnitTestRuntimeClasspath,releaseRuntimeClasspath
org.codehaus.mojo:animal-sniffer-annotations:1.23=debugRuntimeClasspath,debugUnitTestRuntimeClasspath,releaseRuntimeClasspath
org.eclipse.kuksa:kuksa-java-sdk:0.3.1=debugAndroidTestCompileClasspath,debugCompileClasspath,debugRuntimeClasspath,debugUnitTestCompileClasspath,debugUnitTestRuntimeClasspath,releaseCompileClasspath,releaseRuntimeClasspath
org.eclipse.kuksa:vss-core:0.3.1=debugAndroidTestCompileClasspath,debugCompileClasspath,debugRuntimeClasspath,debugUnitTestCompileClasspath,debugUnitTestRuntimeClasspath,releaseCompileClasspath,releaseRuntimeClasspath
org.jetbrains.intellij.deps:trove4j:1.0.20200330=kotlinCompilerClasspath
org.jetbrains.kotlin:kotlin-compiler-embeddable:1.9.22=kotlinCompilerClasspath
org.jetbrains.kotlin:kotlin-daemon-embeddable:1.9.22=kotlinCompilerClasspath
org.jetbrains.kotlin:kotlin-reflect:1.6.10=kotlinCompilerClasspath
org.jetbrains.kotlin:kotlin-reflect:1.9.22=debugRuntimeClasspath,debugUnitTestRuntimeClasspath,releaseRuntimeClasspath
org.jetbrains.kotlin:kotlin-script-runtime:1.9.22=kotlinCompilerClasspath
org.jetbrains.kotlin:kotlin-stdlib-common:1.9.22=debugRuntimeClasspath,debugUnitTestRuntimeClasspath,releaseRuntimeClasspath
org.jetbrains.kotlin:kotlin-stdlib-jdk7:1.8.0=debugRuntimeClasspath,debugUnitTestRuntimeClasspath,releaseRuntimeClasspath
org.jetbrains.kotlin:kotlin-stdlib-jdk8:1.8.0=debugRuntimeClasspath,debugUnitTestRuntimeClasspath,releaseRuntimeClasspath
org.jetbrains.kotlin:kotlin-stdlib:1.9.22=debugAndroidTestCompileClasspath,debugCompileClasspath,debugRuntimeClasspath,debugUnitTestCompileClasspath,debugUnitTestRuntimeClasspath,kotlinCompilerClasspath,releaseCompileClasspath,releaseRuntimeClasspath
org.jetbrains.kotlinx:kotlinx-coroutines-android:1.8.1=debugAndroidTestCompileClasspath,debugCompileClasspath,debugRuntimeClasspath,debugUnitTestCompileClasspath,debugUnitTestRuntimeClasspath,releaseCompileClasspath,releaseRuntimeClasspath
org.jetbrains.kotlinx:kotlinx-coroutines-bom:1.8.1=debugAndroidTestCompileClasspath,debugCompileClasspath,debugRuntimeClasspath,debugUnitTestCompileClasspath,debugUnitTestRuntimeClasspath,releaseCompileClasspath,releaseRuntimeClasspath
org.jetbrains.kotlinx:kotlinx-coroutines-core-jvm:1.8.1=debugAndroidTestCompileClasspath,debugCompileClasspath,debugRuntimeClasspath,debugUnitTestCompileClasspath,debugUnitTestRuntimeClasspath,releaseCompileClasspath,releaseRuntimeClasspath
org.jetbrains.kotlinx:kotlinx-coroutines-core:1.8.1=debugAndroidTestCompileClasspath,debugCompileClasspath,debugRuntimeClasspath,debugUnitTestCompileClasspath,debugUnitTestRuntimeClasspath,releaseCompileClasspath,releaseRuntimeClasspath
org.jetbrains:annotations:13.0=kotlinCompilerClasspath
org.jetbrains:annotations:23.0.0=debugAndroidTestCompileClasspath,debugCompileClasspath,debugRuntimeClasspath,debugUnitTestCompileClasspath,debugUnitTestRuntimeClasspath,releaseCompileClasspath,releaseRuntimeClasspath
empty=androidApis,debugAndroidTestRuntimeClasspath,debugAnnotationProcessorClasspath,debugReverseMetadataValues,debugUnitTestAnnotationProcessorClasspath,kotlinCompilerPluginClasspathDebug,kotlinCompilerPluginClasspathRelease,lintChecks,releaseAnnotationProcessorClasspath,releaseReverseMetadataValues,releaseUnitTestAnnotationProcessorClasspath
