# This is a Gradle generated file for dependency locking.
# Manual edits can break the build and are not advised.
# This file is expected to be part of source control.
com.google.android:annotations:4.1.1.4=kspKotlinProcessorClasspath,runtimeClasspath
com.google.code.findbugs:jsr305:3.0.2=compileClasspath,kspKotlinProcessorClasspath,runtimeClasspath
com.google.code.gson:gson:2.10.1=kspKotlinProcessorClasspath,runtimeClasspath
com.google.devtools.ksp:symbol-processing-api:1.9.22-1.0.17=kspKotlinProcessorClasspath
com.google.devtools.ksp:symbol-processing-api:2.0.0-1.0.24=kotlinCompilerPluginClasspathMain,kspPluginClasspath
com.google.devtools.ksp:symbol-processing:2.0.0-1.0.24=kotlinCompilerPluginClasspathMain,kspPluginClasspath
com.google.errorprone:error_prone_annotations:2.23.0=compileClasspath,kspKotlinProcessorClasspath,runtimeClasspath
com.google.guava:failureaccess:1.0.1=kspKotlinProcessorClasspath,runtimeClasspath
com.google.guava:guava:32.1.3-android=kspKotlinProcessorClasspath,runtimeClasspath
com.google.guava:listenablefuture:9999.0-empty-to-avoid-conflict-with-guava=kspKotlinProcessorClasspath,runtimeClasspath
com.google.protobuf:protobuf-javalite:3.25.3=compileClasspath,kspKotlinProcessorClasspath,runtimeClasspath
com.google.protobuf:protobuf-kotlin-lite:3.25.3=compileClasspath,kspKotlinProcessorClasspath,runtimeClasspath
com.squareup.okio:okio-jvm:3.4.0=kspKotlinProcessorClasspath,runtimeClasspath
com.squareup.okio:okio:3.4.0=kspKotlinProcessorClasspath,runtimeClasspath
com.squareup:kotlinpoet-jvm:1.16.0=kspKotlinProcessorClasspath
com.squareup:kotlinpoet-ksp:1.16.0=kspKotlinProcessorClasspath
com.squareup:kotlinpoet:1.16.0=kspKotlinProcessorClasspath
io.grpc:grpc-api:1.65.1=compileClasspath,kspKotlinProcessorClasspath,runtimeClasspath
io.grpc:grpc-context:1.65.1=kspKotlinProcessorClasspath,runtimeClasspath
io.grpc:grpc-core:1.65.1=kspKotlinProcessorClasspath,runtimeClasspath
io.grpc:grpc-kotlin-stub:1.4.1=kspKotlinProcessorClasspath,runtimeClasspath
io.grpc:grpc-okhttp:1.65.1=kspKotlinProcessorClasspath,runtimeClasspath
io.grpc:grpc-protobuf-lite:1.65.1=compileClasspath,kspKotlinProcessorClasspath,runtimeClasspath
io.grpc:grpc-stub:1.65.1=kspKotlinProcessorClasspath,runtimeClasspath
io.grpc:grpc-util:1.65.1=kspKotlinProcessorClasspath,runtimeClasspath
io.perfmark:perfmark-api:0.26.0=kspKotlinProcessorClasspath,runtimeClasspath
javax.annotation:javax.annotation-api:1.3.2=kspKotlinProcessorClasspath,runtimeClasspath
org.apache.tomcat:annotations-api:6.0.53=kspKotlinProcessorClasspath,runtimeClasspath
org.checkerframework:checker-qual:3.37.0=kspKotlinProcessorClasspath,runtimeClasspath
org.codehaus.mojo:animal-sniffer-annotations:1.23=kspKotlinProcessorClasspath,runtimeClasspath
org.eclipse.kuksa:kuksa-java-sdk:0.3.1=compileClasspath,kspKotlinProcessorClasspath,runtimeClasspath
org.eclipse.kuksa:vss-core:0.3.1=compileClasspath,kspKotlinProcessorClasspath,runtimeClasspath
org.jetbrains.intellij.deps:trove4j:1.0.20200330=kotlinBuildToolsApiClasspath,kotlinCompilerClasspath
org.jetbrains.kotlin:kotlin-build-common:2.0.0=kotlinBuildToolsApiClasspath
org.jetbrains.kotlin:kotlin-build-tools-api:2.0.0=kotlinBuildToolsApiClasspath
org.jetbrains.kotlin:kotlin-build-tools-impl:2.0.0=kotlinBuildToolsApiClasspath
org.jetbrains.kotlin:kotlin-compiler-embeddable:2.0.0=kotlinBuildToolsApiClasspath,kotlinCompilerClasspath
org.jetbrains.kotlin:kotlin-compiler-runner:2.0.0=kotlinBuildToolsApiClasspath
org.jetbrains.kotlin:kotlin-daemon-client:2.0.0=kotlinBuildToolsApiClasspath
org.jetbrains.kotlin:kotlin-daemon-embeddable:2.0.0=kotlinBuildToolsApiClasspath,kotlinCompilerClasspath
org.jetbrains.kotlin:kotlin-reflect:1.6.10=kotlinBuildToolsApiClasspath,kotlinCompilerClasspath
org.jetbrains.kotlin:kotlin-reflect:1.9.22=runtimeClasspath
org.jetbrains.kotlin:kotlin-reflect:2.0.0=kspKotlinProcessorClasspath
org.jetbrains.kotlin:kotlin-script-runtime:2.0.0=kotlinBuildToolsApiClasspath,kotlinCompilerClasspath,kotlinCompilerPluginClasspathMain
org.jetbrains.kotlin:kotlin-scripting-common:2.0.0=kotlinBuildToolsApiClasspath,kotlinCompilerPluginClasspathMain
org.jetbrains.kotlin:kotlin-scripting-compiler-embeddable:2.0.0=kotlinBuildToolsApiClasspath,kotlinCompilerPluginClasspathMain
org.jetbrains.kotlin:kotlin-scripting-compiler-impl-embeddable:2.0.0=kotlinBuildToolsApiClasspath,kotlinCompilerPluginClasspathMain
org.jetbrains.kotlin:kotlin-scripting-jvm:2.0.0=kotlinBuildToolsApiClasspath,kotlinCompilerPluginClasspathMain
org.jetbrains.kotlin:kotlin-stdlib-common:2.0.0=kotlinCompilerPluginClasspathMain,kspKotlinProcessorClasspath,kspPluginClasspath,runtimeClasspath
org.jetbrains.kotlin:kotlin-stdlib-jdk7:1.8.0=runtimeClasspath
org.jetbrains.kotlin:kotlin-stdlib-jdk7:1.9.0=kspKotlinProcessorClasspath
org.jetbrains.kotlin:kotlin-stdlib-jdk8:1.8.0=runtimeClasspath
org.jetbrains.kotlin:kotlin-stdlib-jdk8:1.9.0=kspKotlinProcessorClasspath
org.jetbrains.kotlin:kotlin-stdlib:2.0.0=compileClasspath,kotlinBuildToolsApiClasspath,kotlinCompilerClasspath,kotlinCompilerPluginClasspathMain,kspKotlinProcessorClasspath,kspPluginClasspath,runtimeClasspath
org.jetbrains.kotlinx:kotlinx-coroutines-bom:1.7.3=kspKotlinProcessorClasspath
org.jetbrains.kotlinx:kotlinx-coroutines-bom:1.8.1=compileClasspath,runtimeClasspath
org.jetbrains.kotlinx:kotlinx-coroutines-core-jvm:1.5.0=kotlinBuildToolsApiClasspath
org.jetbrains.kotlinx:kotlinx-coroutines-core-jvm:1.7.3=kspKotlinProcessorClasspath
org.jetbrains.kotlinx:kotlinx-coroutines-core-jvm:1.8.1=compileClasspath,runtimeClasspath
org.jetbrains.kotlinx:kotlinx-coroutines-core:1.7.3=kspKotlinProcessorClasspath
org.jetbrains.kotlinx:kotlinx-coroutines-core:1.8.1=compileClasspath,runtimeClasspath
org.jetbrains.kotlinx:kotlinx-serialization-bom:1.6.3=kotlinCompilerPluginClasspathMain,kspPluginClasspath
org.jetbrains.kotlinx:kotlinx-serialization-core-jvm:1.6.3=kotlinCompilerPluginClasspathMain,kspPluginClasspath
org.jetbrains.kotlinx:kotlinx-serialization-core:1.6.3=kotlinCompilerPluginClasspathMain,kspPluginClasspath
org.jetbrains.kotlinx:kotlinx-serialization-json-jvm:1.6.3=kotlinCompilerPluginClasspathMain,kspPluginClasspath
org.jetbrains.kotlinx:kotlinx-serialization-json:1.6.3=kotlinCompilerPluginClasspathMain,kspPluginClasspath
org.jetbrains:annotations:13.0=kotlinBuildToolsApiClasspath,kotlinCompilerClasspath,kotlinCompilerPluginClasspathMain,kspPluginClasspath
org.jetbrains:annotations:23.0.0=compileClasspath,kspKotlinProcessorClasspath,runtimeClasspath
empty=kotlinScriptDefExtensions,testKotlinScriptDefExtensions
