# This is a Gradle generated file for dependency locking.
# Manual edits can break the build and are not advised.
# This file is expected to be part of source control.
com.google.code.findbugs:jsr305:3.0.2=compileClasspath
com.google.errorprone:error_prone_annotations:2.23.0=compileClasspath
com.google.protobuf:protobuf-javalite:3.25.3=compileClasspath
com.google.protobuf:protobuf-kotlin-lite:3.25.3=compileClasspath
io.grpc:grpc-api:1.65.1=compileClasspath
io.grpc:grpc-protobuf-lite:1.65.1=compileClasspath
org.eclipse.kuksa:kuksa-java-sdk:0.3.1=compileClasspath
org.eclipse.kuksa:vss-core:0.3.1=compileClasspath
org.jetbrains.intellij.deps:trove4j:1.0.20200330=kotlinCompilerClasspath
org.jetbrains.kotlin:kotlin-compiler-embeddable:1.9.22=kotlinCompilerClasspath
org.jetbrains.kotlin:kotlin-daemon-embeddable:1.9.22=kotlinCompilerClasspath
org.jetbrains.kotlin:kotlin-reflect:1.6.10=kotlinCompilerClasspath
org.jetbrains.kotlin:kotlin-script-runtime:1.9.22=kotlinCompilerClasspath,kotlinCompilerPluginClasspathMain
org.jetbrains.kotlin:kotlin-scripting-common:1.9.22=kotlinCompilerPluginClasspathMain
org.jetbrains.kotlin:kotlin-scripting-compiler-embeddable:1.9.22=kotlinCompilerPluginClasspathMain
org.jetbrains.kotlin:kotlin-scripting-compiler-impl-embeddable:1.9.22=kotlinCompilerPluginClasspathMain
org.jetbrains.kotlin:kotlin-scripting-jvm:1.9.22=kotlinCompilerPluginClasspathMain
org.jetbrains.kotlin:kotlin-stdlib:1.9.22=compileClasspath,kotlinCompilerClasspath,kotlinCompilerPluginClasspathMain
org.jetbrains.kotlinx:kotlinx-coroutines-bom:1.8.1=compileClasspath
org.jetbrains.kotlinx:kotlinx-coroutines-core-jvm:1.8.1=compileClasspath
org.jetbrains:annotations:13.0=kotlinCompilerClasspath,kotlinCompilerPluginClasspathMain
org.jetbrains:annotations:23.0.0=compileClasspath
empty=kotlinScriptDefExtensions,testKotlinScriptDefExtensions
