# This is a Gradle generated file for dependency locking.
# Manual edits can break the build and are not advised.
# This file is expected to be part of source control.
com.github.ajalt:colormath:1.2.0=compileClasspath
com.github.ajalt:mordant:1.2.1=compileClasspath
io.github.classgraph:classgraph:4.8.162=compileClasspath
io.kotest:kotest-assertions-api-jvm:5.7.2=compileClasspath
io.kotest:kotest-assertions-api:5.7.2=compileClasspath
io.kotest:kotest-assertions-core-jvm:5.7.2=compileClasspath
io.kotest:kotest-assertions-core:5.7.2=compileClasspath
io.kotest:kotest-assertions-shared-jvm:5.7.2=compileClasspath
io.kotest:kotest-assertions-shared:5.7.2=compileClasspath
io.kotest:kotest-common-jvm:5.7.2=compileClasspath
io.kotest:kotest-common:5.7.2=compileClasspath
io.kotest:kotest-extensions-jvm:5.7.2=compileClasspath
io.kotest:kotest-extensions:5.7.2=compileClasspath
io.kotest:kotest-framework-api-jvm:5.7.2=compileClasspath
io.kotest:kotest-framework-api:5.7.2=compileClasspath
io.kotest:kotest-framework-concurrency-jvm:5.7.2=compileClasspath
io.kotest:kotest-framework-concurrency:5.7.2=compileClasspath
io.kotest:kotest-framework-discovery-jvm:5.7.2=compileClasspath
io.kotest:kotest-framework-discovery:5.7.2=compileClasspath
io.kotest:kotest-framework-engine-jvm:5.7.2=compileClasspath
io.kotest:kotest-framework-engine:5.7.2=compileClasspath
io.kotest:kotest-runner-junit5-jvm:5.7.2=compileClasspath
io.kotest:kotest-runner-junit5:5.7.2=compileClasspath
org.apiguardian:apiguardian-api:1.1.2=compileClasspath
org.jetbrains.intellij.deps:trove4j:1.0.20200330=kotlinBuildToolsApiClasspath,kotlinCompilerClasspath
org.jetbrains.kotlin:kotlin-build-common:2.0.0=kotlinBuildToolsApiClasspath
org.jetbrains.kotlin:kotlin-build-tools-api:2.0.0=kotlinBuildToolsApiClasspath
org.jetbrains.kotlin:kotlin-build-tools-impl:2.0.0=kotlinBuildToolsApiClasspath
org.jetbrains.kotlin:kotlin-compiler-embeddable:2.0.0=kotlinBuildToolsApiClasspath,kotlinCompilerClasspath
org.jetbrains.kotlin:kotlin-compiler-runner:2.0.0=kotlinBuildToolsApiClasspath
org.jetbrains.kotlin:kotlin-daemon-client:2.0.0=kotlinBuildToolsApiClasspath
org.jetbrains.kotlin:kotlin-daemon-embeddable:2.0.0=kotlinBuildToolsApiClasspath,kotlinCompilerClasspath
org.jetbrains.kotlin:kotlin-reflect:1.6.10=kotlinBuildToolsApiClasspath,kotlinCompilerClasspath
org.jetbrains.kotlin:kotlin-script-runtime:2.0.0=kotlinBuildToolsApiClasspath,kotlinCompilerClasspath,kotlinCompilerPluginClasspathMain
org.jetbrains.kotlin:kotlin-scripting-common:2.0.0=kotlinBuildToolsApiClasspath,kotlinCompilerPluginClasspathMain
org.jetbrains.kotlin:kotlin-scripting-compiler-embeddable:2.0.0=kotlinBuildToolsApiClasspath,kotlinCompilerPluginClasspathMain
org.jetbrains.kotlin:kotlin-scripting-compiler-impl-embeddable:2.0.0=kotlinBuildToolsApiClasspath,kotlinCompilerPluginClasspathMain
org.jetbrains.kotlin:kotlin-scripting-jvm:2.0.0=kotlinBuildToolsApiClasspath,kotlinCompilerPluginClasspathMain
org.jetbrains.kotlin:kotlin-stdlib-common:2.0.0=compileClasspath
org.jetbrains.kotlin:kotlin-stdlib-jdk7:1.8.20=compileClasspath
org.jetbrains.kotlin:kotlin-stdlib-jdk8:1.8.20=compileClasspath
org.jetbrains.kotlin:kotlin-stdlib:2.0.0=compileClasspath,kotlinBuildToolsApiClasspath,kotlinCompilerClasspath,kotlinCompilerPluginClasspathMain
org.jetbrains.kotlinx:kotlinx-coroutines-bom:1.7.0=compileClasspath
org.jetbrains.kotlinx:kotlinx-coroutines-core-jvm:1.5.0=kotlinBuildToolsApiClasspath
org.jetbrains.kotlinx:kotlinx-coroutines-core-jvm:1.7.0=compileClasspath
org.jetbrains.kotlinx:kotlinx-coroutines-core:1.7.0=compileClasspath
org.jetbrains.kotlinx:kotlinx-coroutines-test-jvm:1.7.0=compileClasspath
org.jetbrains.kotlinx:kotlinx-coroutines-test:1.7.0=compileClasspath
org.jetbrains:annotations:13.0=kotlinBuildToolsApiClasspath,kotlinCompilerClasspath,kotlinCompilerPluginClasspathMain
org.jetbrains:annotations:23.0.0=compileClasspath
org.junit.jupiter:junit-jupiter-api:5.8.2=compileClasspath
org.junit.platform:junit-platform-commons:1.8.2=compileClasspath
org.junit.platform:junit-platform-engine:1.8.2=compileClasspath
org.junit.platform:junit-platform-launcher:1.8.2=compileClasspath
org.junit.platform:junit-platform-suite-api:1.8.2=compileClasspath
org.junit:junit-bom:5.8.2=compileClasspath
org.opentest4j:opentest4j:1.2.0=compileClasspath
empty=kotlinScriptDefExtensions,testKotlinScriptDefExtensions
